
Microsoft Visual Studio Solution File, Format Version 12.00
Project("{2150E333-8FDC-42A3-9474-1A3956D46DE8}") = "src", "src", "{E306B3DA-9F32-414C-A366-1E18E933CC15}"
EndProject
Project("{2150E333-8FDC-42A3-9474-1A3956D46DE8}") = "tests", "tests", "{4B073B60-FD71-4009-A13D-9C8D76815A59}"
EndProject
Project("{FAE04EC0-301F-11D3-BF4B-00C04F79EFBC}") = "rpg-manager.server", "src\rpg-manager.server\rpg-manager.server.csproj", "{2EB48B9F-E04F-48B5-9DAB-D396985E46CD}"
EndProject
Global
	GlobalSection(SolutionConfigurationPlatforms) = preSolution
		Debug|Any CPU = Debug|Any CPU
		Release|Any CPU = Release|Any CPU
	EndGlobalSection
	GlobalSection(NestedProjects) = preSolution
		{2EB48B9F-E04F-48B5-9DAB-D396985E46CD} = {E306B3DA-9F32-414C-A366-1E18E933CC15}
	EndGlobalSection
	GlobalSection(ProjectConfigurationPlatforms) = postSolution
		{2EB48B9F-E04F-48B5-9DAB-D396985E46CD}.Debug|Any CPU.ActiveCfg = Debug|Any CPU
		{2EB48B9F-E04F-48B5-9DAB-D396985E46CD}.Debug|Any CPU.Build.0 = Debug|Any CPU
		{2EB48B9F-E04F-48B5-9DAB-D396985E46CD}.Release|Any CPU.ActiveCfg = Release|Any CPU
		{2EB48B9F-E04F-48B5-9DAB-D396985E46CD}.Release|Any CPU.Build.0 = Release|Any CPU
	EndGlobalSection
EndGlobal
